{
  "name": "@vanillawc/wc-markdown",
  "version": "1.3.1",
  "lockfileVersion": 1,
  "requires": true,
  "dependencies": {
    "marked": {
      "version": "0.7.0",
      "resolved": "https://registry.npmjs.org/marked/-/marked-0.7.0.tgz",
      "integrity": "sha512-c+yYdCZJQrsRjTPhUx7VKkApw9bwDkNbHUKo1ovgcfDjb2kc8rLuRbIFyXL5WOEUwzSSKo3IXpph2K6DqB/KZg==",
      "dev": true
    },
    "prism-es6": {
      "version": "1.2.0",
      "resolved": "https://registry.npmjs.org/prism-es6/-/prism-es6-1.2.0.tgz",
      "integrity": "sha512-A8JV9G2zKM8PWksT7YJcmnaWtYO6C9hSfxM/xv0RxB2aNc8rjv30WakzIw1gWyqLi2eiqquo2KmS7orxqlm+yg==",
      "dev": true
    }
  }
}
